
Microsoft Visual Studio Solution File, Format Version 12.00
# Visual Studio Version 17
VisualStudioVersion = 17.7.34202.233
MinimumVisualStudioVersion = 10.0.40219.1
Project("{FAE04EC0-301F-11D3-BF4B-00C04F79EFBC}") = "melody-and-harmony", "melody-and-harmony\melody-and-harmony.csproj", "{718B3E56-8F0C-4676-A0A9-B91BB854D760}"
EndProject
Global
	GlobalSection(SolutionConfigurationPlatforms) = preSolution
		Debug|Any CPU = Debug|Any CPU
		Release|Any CPU = Release|Any CPU
	EndGlobalSection
	GlobalSection(ProjectConfigurationPlatforms) = postSolution
		{718B3E56-8F0C-4676-A0A9-B91BB854D760}.Debug|Any CPU.ActiveCfg = Debug|Any CPU
		{718B3E56-8F0C-4676-A0A9-B91BB854D760}.Debug|Any CPU.Build.0 = Debug|Any CPU
		{718B3E56-8F0C-4676-A0A9-B91BB854D760}.Release|Any CPU.ActiveCfg = Release|Any CPU
		{718B3E56-8F0C-4676-A0A9-B91BB854D760}.Release|Any CPU.Build.0 = Release|Any CPU
	EndGlobalSection
	GlobalSection(SolutionProperties) = preSolution
		HideSolutionNode = FALSE
	EndGlobalSection
	GlobalSection(ExtensibilityGlobals) = postSolution
		SolutionGuid = {30C22381-778E-4142-AC59-2AA32450BA71}
	EndGlobalSection
EndGlobal
